
Microsoft Visual Studio Solution File, Format Version 12.00
# Visual Studio 15
VisualStudioVersion = 15.0.27130.2036
MinimumVisualStudioVersion = 10.0.40219.1
Project("{FAE04EC0-301F-11D3-BF4B-00C04F79EFBC}") = "ArtVision.Android", "CustomVision\CustomVision.Android\ArtVision.Android.csproj", "{42D50D3E-8E60-4B4D-A497-75BA8CA77A8F}"
EndProject
Project("{FAE04EC0-301F-11D3-BF4B-00C04F79EFBC}") = "ArtVision", "CustomVision\CustomVision\ArtVision.csproj", "{A2F9AEC1-71E6-4BD8-924C-066667125965}"
EndProject
Project("{FAE04EC0-301F-11D3-BF4B-00C04F79EFBC}") = "ArtVision.iOS", "CustomVision\CustomVision.iOS\ArtVision.iOS.csproj", "{1D815909-CB00-4772-AA68-9AC95D7A2F19}"
EndProject
Global
	GlobalSection(SolutionConfigurationPlatforms) = preSolution
		Ad-Hoc|Any CPU = Ad-Hoc|Any CPU
		Ad-Hoc|iPhone = Ad-Hoc|iPhone
		Ad-Hoc|iPhoneSimulator = Ad-Hoc|iPhoneSimulator
		AppStore|Any CPU = AppStore|Any CPU
		AppStore|iPhone = AppStore|iPhone
		AppStore|iPhoneSimulator = AppStore|iPhoneSimulator
		Debug|Any CPU = Debug|Any CPU
		Debug|iPhone = Debug|iPhone
		Debug|iPhoneSimulator = Debug|iPhoneSimulator
		Release|Any CPU = Release|Any CPU
		Release|iPhone = Release|iPhone
		Release|iPhoneSimulator = Release|iPhoneSimulator
	EndGlobalSection
	GlobalSection(ProjectConfigurationPlatforms) = postSolution
		{42D50D3E-8E60-4B4D-A497-75BA8CA77A8F}.Ad-Hoc|Any CPU.ActiveCfg = Release|Any CPU
		{42D50D3E-8E60-4B4D-A497-75BA8CA77A8F}.Ad-Hoc|Any CPU.Build.0 = Release|Any CPU
		{42D50D3E-8E60-4B4D-A497-75BA8CA77A8F}.Ad-Hoc|Any CPU.Deploy.0 = Release|Any CPU
		{42D50D3E-8E60-4B4D-A497-75BA8CA77A8F}.Ad-Hoc|iPhone.ActiveCfg = Release|Any CPU
		{42D50D3E-8E60-4B4D-A497-75BA8CA77A8F}.Ad-Hoc|iPhone.Build.0 = Release|Any CPU
		{42D50D3E-8E60-4B4D-A497-75BA8CA77A8F}.Ad-Hoc|iPhone.Deploy.0 = Release|Any CPU
		{42D50D3E-8E60-4B4D-A497-75BA8CA77A8F}.Ad-Hoc|iPhoneSimulator.ActiveCfg = Release|Any CPU
		{42D50D3E-8E60-4B4D-A497-75BA8CA77A8F}.Ad-Hoc|iPhoneSimulator.Build.0 = Release|Any CPU
		{42D50D3E-8E60-4B4D-A497-75BA8CA77A8F}.Ad-Hoc|iPhoneSimulator.Deploy.0 = Release|Any CPU
		{42D50D3E-8E60-4B4D-A497-75BA8CA77A8F}.AppStore|Any CPU.ActiveCfg = Release|Any CPU
		{42D50D3E-8E60-4B4D-A497-75BA8CA77A8F}.AppStore|Any CPU.Build.0 = Release|Any CPU
		{42D50D3E-8E60-4B4D-A497-75BA8CA77A8F}.AppStore|Any CPU.Deploy.0 = Release|Any CPU
		{42D50D3E-8E60-4B4D-A497-75BA8CA77A8F}.AppStore|iPhone.ActiveCfg = Release|Any CPU
		{42D50D3E-8E60-4B4D-A497-75BA8CA77A8F}.AppStore|iPhone.Build.0 = Release|Any CPU
		{42D50D3E-8E60-4B4D-A497-75BA8CA77A8F}.AppStore|iPhone.Deploy.0 = Release|Any CPU
		{42D50D3E-8E60-4B4D-A497-75BA8CA77A8F}.AppStore|iPhoneSimulator.ActiveCfg = Release|Any CPU
		{42D50D3E-8E60-4B4D-A497-75BA8CA77A8F}.AppStore|iPhoneSimulator.Build.0 = Release|Any CPU
		{42D50D3E-8E60-4B4D-A497-75BA8CA77A8F}.AppStore|iPhoneSimulator.Deploy.0 = Release|Any CPU
		{42D50D3E-8E60-4B4D-A497-75BA8CA77A8F}.Debug|Any CPU.ActiveCfg = Debug|Any CPU
		{42D50D3E-8E60-4B4D-A497-75BA8CA77A8F}.Debug|Any CPU.Build.0 = Debug|Any CPU
		{42D50D3E-8E60-4B4D-A497-75BA8CA77A8F}.Debug|Any CPU.Deploy.0 = Debug|Any CPU
		{42D50D3E-8E60-4B4D-A497-75BA8CA77A8F}.Debug|iPhone.ActiveCfg = Debug|Any CPU
		{42D50D3E-8E60-4B4D-A497-75BA8CA77A8F}.Debug|iPhone.Build.0 = Debug|Any CPU
		{42D50D3E-8E60-4B4D-A497-75BA8CA77A8F}.Debug|iPhone.Deploy.0 = Debug|Any CPU
		{42D50D3E-8E60-4B4D-A497-75BA8CA77A8F}.Debug|iPhoneSimulator.ActiveCfg = Debug|Any CPU
		{42D50D3E-8E60-4B4D-A497-75BA8CA77A8F}.Debug|iPhoneSimulator.Build.0 = Debug|Any CPU
		{42D50D3E-8E60-4B4D-A497-75BA8CA77A8F}.Debug|iPhoneSimulator.Deploy.0 = Debug|Any CPU
		{42D50D3E-8E60-4B4D-A497-75BA8CA77A8F}.Release|Any CPU.ActiveCfg = Release|Any CPU
		{42D50D3E-8E60-4B4D-A497-75BA8CA77A8F}.Release|Any CPU.Build.0 = Release|Any CPU
		{42D50D3E-8E60-4B4D-A497-75BA8CA77A8F}.Release|Any CPU.Deploy.0 = Release|Any CPU
		{42D50D3E-8E60-4B4D-A497-75BA8CA77A8F}.Release|iPhone.ActiveCfg = Release|Any CPU
		{42D50D3E-8E60-4B4D-A497-75BA8CA77A8F}.Release|iPhone.Build.0 = Release|Any CPU
		{42D50D3E-8E60-4B4D-A497-75BA8CA77A8F}.Release|iPhone.Deploy.0 = Release|Any CPU
		{42D50D3E-8E60-4B4D-A497-75BA8CA77A8F}.Release|iPhoneSimulator.ActiveCfg = Release|Any CPU
		{42D50D3E-8E60-4B4D-A497-75BA8CA77A8F}.Release|iPhoneSimulator.Build.0 = Release|Any CPU
		{42D50D3E-8E60-4B4D-A497-75BA8CA77A8F}.Release|iPhoneSimulator.Deploy.0 = Release|Any CPU
		{A2F9AEC1-71E6-4BD8-924C-066667125965}.Ad-Hoc|Any CPU.ActiveCfg = Release|Any CPU
		{A2F9AEC1-71E6-4BD8-924C-066667125965}.Ad-Hoc|Any CPU.Build.0 = Release|Any CPU
		{A2F9AEC1-71E6-4BD8-924C-066667125965}.Ad-Hoc|iPhone.ActiveCfg = Release|Any CPU
		{A2F9AEC1-71E6-4BD8-924C-066667125965}.Ad-Hoc|iPhone.Build.0 = Release|Any CPU
		{A2F9AEC1-71E6-4BD8-924C-066667125965}.Ad-Hoc|iPhoneSimulator.ActiveCfg = Release|Any CPU
		{A2F9AEC1-71E6-4BD8-924C-066667125965}.Ad-Hoc|iPhoneSimulator.Build.0 = Release|Any CPU
		{A2F9AEC1-71E6-4BD8-924C-066667125965}.AppStore|Any CPU.ActiveCfg = Release|Any CPU
		{A2F9AEC1-71E6-4BD8-924C-066667125965}.AppStore|Any CPU.Build.0 = Release|Any CPU
		{A2F9AEC1-71E6-4BD8-924C-066667125965}.AppStore|iPhone.ActiveCfg = Release|Any CPU
		{A2F9AEC1-71E6-4BD8-924C-066667125965}.AppStore|iPhone.Build.0 = Release|Any CPU
		{A2F9AEC1-71E6-4BD8-924C-066667125965}.AppStore|iPhoneSimulator.ActiveCfg = Release|Any CPU
		{A2F9AEC1-71E6-4BD8-924C-066667125965}.AppStore|iPhoneSimulator.Build.0 = Release|Any CPU
		{A2F9AEC1-71E6-4BD8-924C-066667125965}.Debug|Any CPU.ActiveCfg = Debug|Any CPU
		{A2F9AEC1-71E6-4BD8-924C-066667125965}.Debug|Any CPU.Build.0 = Debug|Any CPU
		{A2F9AEC1-71E6-4BD8-924C-066667125965}.Debug|iPhone.ActiveCfg = Debug|Any CPU
		{A2F9AEC1-71E6-4BD8-924C-066667125965}.Debug|iPhone.Build.0 = Debug|Any CPU
		{A2F9AEC1-71E6-4BD8-924C-066667125965}.Debug|iPhoneSimulator.ActiveCfg = Debug|Any CPU
		{A2F9AEC1-71E6-4BD8-924C-066667125965}.Debug|iPhoneSimulator.Build.0 = Debug|Any CPU
		{A2F9AEC1-71E6-4BD8-924C-066667125965}.Release|Any CPU.ActiveCfg = Release|Any CPU
		{A2F9AEC1-71E6-4BD8-924C-066667125965}.Release|Any CPU.Build.0 = Release|Any CPU
		{A2F9AEC1-71E6-4BD8-924C-066667125965}.Release|iPhone.ActiveCfg = Release|Any CPU
		{A2F9AEC1-71E6-4BD8-924C-066667125965}.Release|iPhone.Build.0 = Release|Any CPU
		{A2F9AEC1-71E6-4BD8-924C-066667125965}.Release|iPhoneSimulator.ActiveCfg = Release|Any CPU
		{A2F9AEC1-71E6-4BD8-924C-066667125965}.Release|iPhoneSimulator.Build.0 = Release|Any CPU
		{1D815909-CB00-4772-AA68-9AC95D7A2F19}.Ad-Hoc|Any CPU.ActiveCfg = Ad-Hoc|iPhone
		{1D815909-CB00-4772-AA68-9AC95D7A2F19}.Ad-Hoc|iPhone.ActiveCfg = Ad-Hoc|iPhone
		{1D815909-CB00-4772-AA68-9AC95D7A2F19}.Ad-Hoc|iPhone.Build.0 = Ad-Hoc|iPhone
		{1D815909-CB00-4772-AA68-9AC95D7A2F19}.Ad-Hoc|iPhoneSimulator.ActiveCfg = Ad-Hoc|iPhoneSimulator
		{1D815909-CB00-4772-AA68-9AC95D7A2F19}.Ad-Hoc|iPhoneSimulator.Build.0 = Ad-Hoc|iPhoneSimulator
		{1D815909-CB00-4772-AA68-9AC95D7A2F19}.AppStore|Any CPU.ActiveCfg = AppStore|iPhone
		{1D815909-CB00-4772-AA68-9AC95D7A2F19}.AppStore|iPhone.ActiveCfg = AppStore|iPhone
		{1D815909-CB00-4772-AA68-9AC95D7A2F19}.AppStore|iPhone.Build.0 = AppStore|iPhone
		{1D815909-CB00-4772-AA68-9AC95D7A2F19}.AppStore|iPhoneSimulator.ActiveCfg = AppStore|iPhoneSimulator
		{1D815909-CB00-4772-AA68-9AC95D7A2F19}.AppStore|iPhoneSimulator.Build.0 = AppStore|iPhoneSimulator
		{1D815909-CB00-4772-AA68-9AC95D7A2F19}.Debug|Any CPU.ActiveCfg = Debug|iPhone
		{1D815909-CB00-4772-AA68-9AC95D7A2F19}.Debug|iPhone.ActiveCfg = Debug|iPhone
		{1D815909-CB00-4772-AA68-9AC95D7A2F19}.Debug|iPhone.Build.0 = Debug|iPhone
		{1D815909-CB00-4772-AA68-9AC95D7A2F19}.Debug|iPhoneSimulator.ActiveCfg = Debug|iPhoneSimulator
		{1D815909-CB00-4772-AA68-9AC95D7A2F19}.Debug|iPhoneSimulator.Build.0 = Debug|iPhoneSimulator
		{1D815909-CB00-4772-AA68-9AC95D7A2F19}.Release|Any CPU.ActiveCfg = Release|iPhone
		{1D815909-CB00-4772-AA68-9AC95D7A2F19}.Release|iPhone.ActiveCfg = Release|iPhone
		{1D815909-CB00-4772-AA68-9AC95D7A2F19}.Release|iPhone.Build.0 = Release|iPhone
		{1D815909-CB00-4772-AA68-9AC95D7A2F19}.Release|iPhoneSimulator.ActiveCfg = Release|iPhoneSimulator
		{1D815909-CB00-4772-AA68-9AC95D7A2F19}.Release|iPhoneSimulator.Build.0 = Release|iPhoneSimulator
	EndGlobalSection
	GlobalSection(SolutionProperties) = preSolution
		HideSolutionNode = FALSE
	EndGlobalSection
	GlobalSection(ExtensibilityGlobals) = postSolution
		SolutionGuid = {6491443B-BCC5-426C-8217-203DE82AFB10}
	EndGlobalSection
EndGlobal
